
Microsoft Visual Studio Solution File, Format Version 12.00
# Visual Studio Version 17
VisualStudioVersion = 17.7.34024.191
MinimumVisualStudioVersion = 10.0.40219.1
Project("{FAE04EC0-301F-11D3-BF4B-00C04F79EFBC}") = "Terminal Website", "Terminal Website\Terminal Website.csproj", "{A32C1201-AF08-4008-87B9-67D9A02282A3}"
EndProject
Global
	GlobalSection(SolutionConfigurationPlatforms) = preSolution
		Debug|Any CPU = Debug|Any CPU
		Release|Any CPU = Release|Any CPU
	EndGlobalSection
	GlobalSection(ProjectConfigurationPlatforms) = postSolution
		{A32C1201-AF08-4008-87B9-67D9A02282A3}.Debug|Any CPU.ActiveCfg = Debug|Any CPU
		{A32C1201-AF08-4008-87B9-67D9A02282A3}.Debug|Any CPU.Build.0 = Debug|Any CPU
		{A32C1201-AF08-4008-87B9-67D9A02282A3}.Release|Any CPU.ActiveCfg = Release|Any CPU
		{A32C1201-AF08-4008-87B9-67D9A02282A3}.Release|Any CPU.Build.0 = Release|Any CPU
	EndGlobalSection
	GlobalSection(SolutionProperties) = preSolution
		HideSolutionNode = FALSE
	EndGlobalSection
	GlobalSection(ExtensibilityGlobals) = postSolution
		SolutionGuid = {82BD8E01-F10D-48B9-8707-D3CCAF949775}
	EndGlobalSection
EndGlobal
